
Microsoft Visual Studio Solution File, Format Version 12.00
# Visual Studio Version 16
VisualStudioVersion = 16.0.30011.22
MinimumVisualStudioVersion = 15.0.26124.0
Project("{9A19103F-16F7-4668-BE54-9A1E7A4F7556}") = "SourceFileFinder", "SourceFileFinder\SourceFileFinder.csproj", "{49A39CB8-E857-45B5-A9C8-AE34C0724BF4}"
EndProject
Project("{9A19103F-16F7-4668-BE54-9A1E7A4F7556}") = "SourceFileFinder.Tests", "SourceFileFinder.Tests\SourceFileFinder.Tests.csproj", "{82928125-ED46-41E5-A4EF-AE02C817E862}"
EndProject
Project("{2150E333-8FDC-42A3-9474-1A3956D46DE8}") = "Solution Items", "Solution Items", "{048283D8-8D21-4EB6-9464-B2AF1F9AABC2}"
	ProjectSection(SolutionItems) = preProject
		README.md = README.md
	EndProjectSection
EndProject
Global
	GlobalSection(SolutionConfigurationPlatforms) = preSolution
		Debug|Any CPU = Debug|Any CPU
		Debug|x64 = Debug|x64
		Debug|x86 = Debug|x86
		Release|Any CPU = Release|Any CPU
		Release|x64 = Release|x64
		Release|x86 = Release|x86
	EndGlobalSection
	GlobalSection(ProjectConfigurationPlatforms) = postSolution
		{49A39CB8-E857-45B5-A9C8-AE34C0724BF4}.Debug|Any CPU.ActiveCfg = Debug|Any CPU
		{49A39CB8-E857-45B5-A9C8-AE34C0724BF4}.Debug|Any CPU.Build.0 = Debug|Any CPU
		{49A39CB8-E857-45B5-A9C8-AE34C0724BF4}.Debug|x64.ActiveCfg = Debug|Any CPU
		{49A39CB8-E857-45B5-A9C8-AE34C0724BF4}.Debug|x64.Build.0 = Debug|Any CPU
		{49A39CB8-E857-45B5-A9C8-AE34C0724BF4}.Debug|x86.ActiveCfg = Debug|Any CPU
		{49A39CB8-E857-45B5-A9C8-AE34C0724BF4}.Debug|x86.Build.0 = Debug|Any CPU
		{49A39CB8-E857-45B5-A9C8-AE34C0724BF4}.Release|Any CPU.ActiveCfg = Release|Any CPU
		{49A39CB8-E857-45B5-A9C8-AE34C0724BF4}.Release|Any CPU.Build.0 = Release|Any CPU
		{49A39CB8-E857-45B5-A9C8-AE34C0724BF4}.Release|x64.ActiveCfg = Release|Any CPU
		{49A39CB8-E857-45B5-A9C8-AE34C0724BF4}.Release|x64.Build.0 = Release|Any CPU
		{49A39CB8-E857-45B5-A9C8-AE34C0724BF4}.Release|x86.ActiveCfg = Release|Any CPU
		{49A39CB8-E857-45B5-A9C8-AE34C0724BF4}.Release|x86.Build.0 = Release|Any CPU
		{82928125-ED46-41E5-A4EF-AE02C817E862}.Debug|Any CPU.ActiveCfg = Debug|Any CPU
		{82928125-ED46-41E5-A4EF-AE02C817E862}.Debug|Any CPU.Build.0 = Debug|Any CPU
		{82928125-ED46-41E5-A4EF-AE02C817E862}.Debug|x64.ActiveCfg = Debug|Any CPU
		{82928125-ED46-41E5-A4EF-AE02C817E862}.Debug|x64.Build.0 = Debug|Any CPU
		{82928125-ED46-41E5-A4EF-AE02C817E862}.Debug|x86.ActiveCfg = Debug|Any CPU
		{82928125-ED46-41E5-A4EF-AE02C817E862}.Debug|x86.Build.0 = Debug|Any CPU
		{82928125-ED46-41E5-A4EF-AE02C817E862}.Release|Any CPU.ActiveCfg = Release|Any CPU
		{82928125-ED46-41E5-A4EF-AE02C817E862}.Release|Any CPU.Build.0 = Release|Any CPU
		{82928125-ED46-41E5-A4EF-AE02C817E862}.Release|x64.ActiveCfg = Release|Any CPU
		{82928125-ED46-41E5-A4EF-AE02C817E862}.Release|x64.Build.0 = Release|Any CPU
		{82928125-ED46-41E5-A4EF-AE02C817E862}.Release|x86.ActiveCfg = Release|Any CPU
		{82928125-ED46-41E5-A4EF-AE02C817E862}.Release|x86.Build.0 = Release|Any CPU
	EndGlobalSection
	GlobalSection(SolutionProperties) = preSolution
		HideSolutionNode = FALSE
	EndGlobalSection
	GlobalSection(ExtensibilityGlobals) = postSolution
		SolutionGuid = {B6FD4982-E0DB-420C-832A-230B7B87FDA9}
	EndGlobalSection
EndGlobal
